
Microsoft Visual Studio Solution File, Format Version 12.00
# Visual Studio Version 16
VisualStudioVersion = 16.0.31424.327
MinimumVisualStudioVersion = 10.0.40219.1
Project("{FAE04EC0-301F-11D3-BF4B-00C04F79EFBC}") = "Collegedb", "Collegedb\Collegedb.csproj", "{80795120-A634-4169-B861-C21EADB86913}"
EndProject
Global
	GlobalSection(SolutionConfigurationPlatforms) = preSolution
		Debug|Any CPU = Debug|Any CPU
		Release|Any CPU = Release|Any CPU
	EndGlobalSection
	GlobalSection(ProjectConfigurationPlatforms) = postSolution
		{80795120-A634-4169-B861-C21EADB86913}.Debug|Any CPU.ActiveCfg = Debug|Any CPU
		{80795120-A634-4169-B861-C21EADB86913}.Debug|Any CPU.Build.0 = Debug|Any CPU
		{80795120-A634-4169-B861-C21EADB86913}.Release|Any CPU.ActiveCfg = Release|Any CPU
		{80795120-A634-4169-B861-C21EADB86913}.Release|Any CPU.Build.0 = Release|Any CPU
	EndGlobalSection
	GlobalSection(SolutionProperties) = preSolution
		HideSolutionNode = FALSE
	EndGlobalSection
	GlobalSection(ExtensibilityGlobals) = postSolution
		SolutionGuid = {20FD6E5C-1D8F-481C-819F-E142D815CD2C}
	EndGlobalSection
EndGlobal
